
Microsoft Visual Studio Solution File, Format Version 12.00
# Visual Studio Version 17
VisualStudioVersion = 17.4.33205.214
MinimumVisualStudioVersion = 10.0.40219.1
Project("{9A19103F-16F7-4668-BE54-9A1E7A4F7556}") = "HexGridConsole", "HexMovement\HexGridConsole.csproj", "{7E1213C4-306E-4470-8995-584928FA9B3E}"
EndProject
Project("{9A19103F-16F7-4668-BE54-9A1E7A4F7556}") = "HexGrid", "HexGrid\HexGrid.csproj", "{228BD5C7-78E4-4BBE-9814-849098B900C9}"
EndProject
Project("{FAE04EC0-301F-11D3-BF4B-00C04F79EFBC}") = "HexMovementApp", "HexMovementApp\HexMovementApp.csproj", "{96364CCA-B6D9-479A-8FE0-706A841AF800}"
EndProject
Global
	GlobalSection(SolutionConfigurationPlatforms) = preSolution
		Debug|Any CPU = Debug|Any CPU
		Release|Any CPU = Release|Any CPU
	EndGlobalSection
	GlobalSection(ProjectConfigurationPlatforms) = postSolution
		{7E1213C4-306E-4470-8995-584928FA9B3E}.Debug|Any CPU.ActiveCfg = Debug|Any CPU
		{7E1213C4-306E-4470-8995-584928FA9B3E}.Debug|Any CPU.Build.0 = Debug|Any CPU
		{7E1213C4-306E-4470-8995-584928FA9B3E}.Release|Any CPU.ActiveCfg = Release|Any CPU
		{7E1213C4-306E-4470-8995-584928FA9B3E}.Release|Any CPU.Build.0 = Release|Any CPU
		{228BD5C7-78E4-4BBE-9814-849098B900C9}.Debug|Any CPU.ActiveCfg = Debug|Any CPU
		{228BD5C7-78E4-4BBE-9814-849098B900C9}.Debug|Any CPU.Build.0 = Debug|Any CPU
		{228BD5C7-78E4-4BBE-9814-849098B900C9}.Release|Any CPU.ActiveCfg = Release|Any CPU
		{228BD5C7-78E4-4BBE-9814-849098B900C9}.Release|Any CPU.Build.0 = Release|Any CPU
		{96364CCA-B6D9-479A-8FE0-706A841AF800}.Debug|Any CPU.ActiveCfg = Debug|Any CPU
		{96364CCA-B6D9-479A-8FE0-706A841AF800}.Debug|Any CPU.Build.0 = Debug|Any CPU
		{96364CCA-B6D9-479A-8FE0-706A841AF800}.Release|Any CPU.ActiveCfg = Release|Any CPU
		{96364CCA-B6D9-479A-8FE0-706A841AF800}.Release|Any CPU.Build.0 = Release|Any CPU
	EndGlobalSection
	GlobalSection(SolutionProperties) = preSolution
		HideSolutionNode = FALSE
	EndGlobalSection
	GlobalSection(ExtensibilityGlobals) = postSolution
		SolutionGuid = {B525B03E-827D-4943-B5C6-DF9C565FF136}
	EndGlobalSection
EndGlobal
